
Microsoft Visual Studio Solution File, Format Version 12.00
# Visual Studio Version 16
VisualStudioVersion = 16.0.32413.511
MinimumVisualStudioVersion = 10.0.40219.1
Project("{9A19103F-16F7-4668-BE54-9A1E7A4F7556}") = "ConsoleApp", "ConsoleApp\ConsoleApp.csproj", "{5904394B-42B0-4FCD-B368-CF77705679BE}"
EndProject
Project("{9A19103F-16F7-4668-BE54-9A1E7A4F7556}") = "DAL", "DAL\DAL.csproj", "{C04E79B2-087B-4E71-BB87-EC479F597E28}"
EndProject
Project("{9A19103F-16F7-4668-BE54-9A1E7A4F7556}") = "Models", "Models\Models.csproj", "{E308C775-E478-49F8-A357-FAAFDA39B6F5}"
EndProject
Project("{FAE04EC0-301F-11D3-BF4B-00C04F79EFBC}") = "WebApplication", "WebApplication\WebApplication.csproj", "{41690498-5F07-4A7D-995C-154374E64999}"
EndProject
Global
	GlobalSection(SolutionConfigurationPlatforms) = preSolution
		Debug|Any CPU = Debug|Any CPU
		Release|Any CPU = Release|Any CPU
	EndGlobalSection
	GlobalSection(ProjectConfigurationPlatforms) = postSolution
		{5904394B-42B0-4FCD-B368-CF77705679BE}.Debug|Any CPU.ActiveCfg = Debug|Any CPU
		{5904394B-42B0-4FCD-B368-CF77705679BE}.Debug|Any CPU.Build.0 = Debug|Any CPU
		{5904394B-42B0-4FCD-B368-CF77705679BE}.Release|Any CPU.ActiveCfg = Release|Any CPU
		{5904394B-42B0-4FCD-B368-CF77705679BE}.Release|Any CPU.Build.0 = Release|Any CPU
		{C04E79B2-087B-4E71-BB87-EC479F597E28}.Debug|Any CPU.ActiveCfg = Debug|Any CPU
		{C04E79B2-087B-4E71-BB87-EC479F597E28}.Debug|Any CPU.Build.0 = Debug|Any CPU
		{C04E79B2-087B-4E71-BB87-EC479F597E28}.Release|Any CPU.ActiveCfg = Release|Any CPU
		{C04E79B2-087B-4E71-BB87-EC479F597E28}.Release|Any CPU.Build.0 = Release|Any CPU
		{E308C775-E478-49F8-A357-FAAFDA39B6F5}.Debug|Any CPU.ActiveCfg = Debug|Any CPU
		{E308C775-E478-49F8-A357-FAAFDA39B6F5}.Debug|Any CPU.Build.0 = Debug|Any CPU
		{E308C775-E478-49F8-A357-FAAFDA39B6F5}.Release|Any CPU.ActiveCfg = Release|Any CPU
		{E308C775-E478-49F8-A357-FAAFDA39B6F5}.Release|Any CPU.Build.0 = Release|Any CPU
		{41690498-5F07-4A7D-995C-154374E64999}.Debug|Any CPU.ActiveCfg = Debug|Any CPU
		{41690498-5F07-4A7D-995C-154374E64999}.Debug|Any CPU.Build.0 = Debug|Any CPU
		{41690498-5F07-4A7D-995C-154374E64999}.Release|Any CPU.ActiveCfg = Release|Any CPU
		{41690498-5F07-4A7D-995C-154374E64999}.Release|Any CPU.Build.0 = Release|Any CPU
	EndGlobalSection
	GlobalSection(SolutionProperties) = preSolution
		HideSolutionNode = FALSE
	EndGlobalSection
	GlobalSection(ExtensibilityGlobals) = postSolution
		SolutionGuid = {10172D3C-4B38-4C44-BAD1-8EA31E84F96E}
	EndGlobalSection
EndGlobal
